
Microsoft Visual Studio Solution File, Format Version 12.00
Project("{FAE04EC0-301F-11D3-BF4B-00C04F79EFBC}") = "VasyaFiredLib", "VasyaFiredLib\VasyaFiredLib.csproj", "{B2CFBB41-C3E3-4158-9E77-6728F398EC90}"
EndProject
Project("{FAE04EC0-301F-11D3-BF4B-00C04F79EFBC}") = "VasyaFiredLibTests", "VasyaFiredLibTests\VasyaFiredLibTests.csproj", "{365A7FF5-21FA-4B21-B1FC-2FE45CC31733}"
EndProject
Global
	GlobalSection(SolutionConfigurationPlatforms) = preSolution
		Debug|Any CPU = Debug|Any CPU
		Release|Any CPU = Release|Any CPU
	EndGlobalSection
	GlobalSection(ProjectConfigurationPlatforms) = postSolution
		{B2CFBB41-C3E3-4158-9E77-6728F398EC90}.Debug|Any CPU.ActiveCfg = Debug|Any CPU
		{B2CFBB41-C3E3-4158-9E77-6728F398EC90}.Debug|Any CPU.Build.0 = Debug|Any CPU
		{B2CFBB41-C3E3-4158-9E77-6728F398EC90}.Release|Any CPU.ActiveCfg = Release|Any CPU
		{B2CFBB41-C3E3-4158-9E77-6728F398EC90}.Release|Any CPU.Build.0 = Release|Any CPU
		{365A7FF5-21FA-4B21-B1FC-2FE45CC31733}.Debug|Any CPU.ActiveCfg = Debug|Any CPU
		{365A7FF5-21FA-4B21-B1FC-2FE45CC31733}.Debug|Any CPU.Build.0 = Debug|Any CPU
		{365A7FF5-21FA-4B21-B1FC-2FE45CC31733}.Release|Any CPU.ActiveCfg = Release|Any CPU
		{365A7FF5-21FA-4B21-B1FC-2FE45CC31733}.Release|Any CPU.Build.0 = Release|Any CPU
	EndGlobalSection
EndGlobal
